
Microsoft Visual Studio Solution File, Format Version 12.00
# Visual Studio Version 17
VisualStudioVersion = 17.13.35716.79
MinimumVisualStudioVersion = 10.0.40219.1
Project("{FAE04EC0-301F-11D3-BF4B-00C04F79EFBC}") = "RegistroEscolar", "RegistroEscolar.csproj", "{72C83801-73C8-438D-AA25-9A3EC7EE870E}"
EndProject
Project("{FAE04EC0-301F-11D3-BF4B-00C04F79EFBC}") = "Logica", "..\Logica\Logica.csproj", "{FFE236F3-7A39-43A4-B2EE-3DE202EB11E9}"
EndProject
Project("{FAE04EC0-301F-11D3-BF4B-00C04F79EFBC}") = "Datos", "..\Datos\Datos.csproj", "{7D5A06A8-D381-49A6-9DE2-B25FBDD6202C}"
EndProject
Global
	GlobalSection(SolutionConfigurationPlatforms) = preSolution
		Debug|Any CPU = Debug|Any CPU
		Release|Any CPU = Release|Any CPU
	EndGlobalSection
	GlobalSection(ProjectConfigurationPlatforms) = postSolution
		{72C83801-73C8-438D-AA25-9A3EC7EE870E}.Debug|Any CPU.ActiveCfg = Debug|Any CPU
		{72C83801-73C8-438D-AA25-9A3EC7EE870E}.Debug|Any CPU.Build.0 = Debug|Any CPU
		{72C83801-73C8-438D-AA25-9A3EC7EE870E}.Release|Any CPU.ActiveCfg = Release|Any CPU
		{72C83801-73C8-438D-AA25-9A3EC7EE870E}.Release|Any CPU.Build.0 = Release|Any CPU
		{FFE236F3-7A39-43A4-B2EE-3DE202EB11E9}.Debug|Any CPU.ActiveCfg = Debug|Any CPU
		{FFE236F3-7A39-43A4-B2EE-3DE202EB11E9}.Debug|Any CPU.Build.0 = Debug|Any CPU
		{FFE236F3-7A39-43A4-B2EE-3DE202EB11E9}.Release|Any CPU.ActiveCfg = Release|Any CPU
		{FFE236F3-7A39-43A4-B2EE-3DE202EB11E9}.Release|Any CPU.Build.0 = Release|Any CPU
		{7D5A06A8-D381-49A6-9DE2-B25FBDD6202C}.Debug|Any CPU.ActiveCfg = Debug|Any CPU
		{7D5A06A8-D381-49A6-9DE2-B25FBDD6202C}.Debug|Any CPU.Build.0 = Debug|Any CPU
		{7D5A06A8-D381-49A6-9DE2-B25FBDD6202C}.Release|Any CPU.ActiveCfg = Release|Any CPU
		{7D5A06A8-D381-49A6-9DE2-B25FBDD6202C}.Release|Any CPU.Build.0 = Release|Any CPU
	EndGlobalSection
	GlobalSection(SolutionProperties) = preSolution
		HideSolutionNode = FALSE
	EndGlobalSection
	GlobalSection(ExtensibilityGlobals) = postSolution
		SolutionGuid = {FA34A8F2-9B3C-41F2-9AD8-4DE513C2FCE5}
	EndGlobalSection
EndGlobal
